
Microsoft Visual Studio Solution File, Format Version 12.00
# Visual Studio Version 17
VisualStudioVersion = 17.2.32630.192
MinimumVisualStudioVersion = 10.0.40219.1
Project("{FAE04EC0-301F-11D3-BF4B-00C04F79EFBC}") = "SelectionStatements", "SelectionStatements\SelectionStatements.csproj", "{146A4209-0E67-4DCA-BB1C-B3509AA6080C}"
EndProject
Global
	GlobalSection(SolutionConfigurationPlatforms) = preSolution
		Debug|Any CPU = Debug|Any CPU
		Release|Any CPU = Release|Any CPU
	EndGlobalSection
	GlobalSection(ProjectConfigurationPlatforms) = postSolution
		{146A4209-0E67-4DCA-BB1C-B3509AA6080C}.Debug|Any CPU.ActiveCfg = Debug|Any CPU
		{146A4209-0E67-4DCA-BB1C-B3509AA6080C}.Debug|Any CPU.Build.0 = Debug|Any CPU
		{146A4209-0E67-4DCA-BB1C-B3509AA6080C}.Release|Any CPU.ActiveCfg = Release|Any CPU
		{146A4209-0E67-4DCA-BB1C-B3509AA6080C}.Release|Any CPU.Build.0 = Release|Any CPU
	EndGlobalSection
	GlobalSection(SolutionProperties) = preSolution
		HideSolutionNode = FALSE
	EndGlobalSection
	GlobalSection(ExtensibilityGlobals) = postSolution
		SolutionGuid = {83C02136-7849-46F8-8F88-E63EEB9A56EB}
	EndGlobalSection
EndGlobal
